{
    "_readme": [
        "This file locks the dependencies of your project to a known state",
        "Read more about it at https://getcomposer.org/doc/01-basic-usage.md#composer-lock-the-lock-file",
        "This file is @generated automatically"
    ],
    "hash": "1d01d0ee4ae39cb6c4aeeded0fe3fbe1",
    "packages": [
        {
            "name": "melting/modx/installer",
            "version": "dev-master",
            "source": {
                "type": "git",
                "url": "git@git.melting-media.com:composer/modx-installer.git",
                "reference": "8952db8220497689809e9052663cfada65138e00"
            },
            "type": "library",
            "extra": {
                "branch-alias": {
                    "dev-master": "0.0.2-dev"
                }
            },
            "autoload": {
                "psr-4": {
                    "Melting\\MODX\\Installer\\": "src/"
                }
            },
            "license": [
                "MIT"
            ],
            "authors": [
                {
                    "name": "Romain Tripault",
                    "email": "romain@melting-media.com",
                    "homepage": "http://melting-media.com",
                    "role": "Developer"
                }
            ],
            "description": "MODX Revolution installer helper",
            "keywords": [
                "MODX"
            ],
            "time": "2015-06-26 21:33:39"
        },
        {
            "name": "melting/modx/package",
            "version": "v0.2.1",
            "source": {
                "type": "git",
                "url": "https://github.com/meltingmedia/MODX-Package-Installer.git",
                "reference": "b2f78da2e824128e03b1d418100bef6775fb30ba"
            },
            "dist": {
                "type": "zip",
                "url": "https://api.github.com/repos/meltingmedia/MODX-Package-Installer/zipball/b2f78da2e824128e03b1d418100bef6775fb30ba",
                "reference": "b2f78da2e824128e03b1d418100bef6775fb30ba",
                "shasum": ""
            },
            "archive": {
                "exclude": [
                    "/VERSION",
                    "/.gitignore"
                ]
            },
            "require": {
                "php": ">=5.3.0"
            },
            "type": "library",
            "autoload": {
                "psr-4": {
                    "Melting\\MODX\\Package\\": "src/"
                }
            },
            "license": [
                "MIT"
            ],
            "authors": [
                {
                    "name": "Romain Tripault",
                    "email": "romain@melting-media.com",
                    "homepage": "http://melting-media.com",
                    "role": "Developer"
                }
            ],
            "description": "Helper to install MODX packages from providers or from local packages.",
            "keywords": [
                "helper",
                "modx",
                "package"
            ],
            "support": {
                "source": "https://github.com/meltingmedia/MODX-Package-Installer/tree/v0.2.1",
                "issues": "https://github.com/meltingmedia/MODX-Package-Installer/issues"
            },
            "time": "2015-05-11 11:17:03"
        },
        {
            "name": "symfony/console",
            "version": "2.7.x-dev",
            "source": {
                "type": "git",
                "url": "https://github.com/symfony/Console.git",
                "reference": "de55b131091dd0dad1c3b25f3633ae00e881e33c"
            },
            "dist": {
                "type": "zip",
                "url": "https://api.github.com/repos/symfony/Console/zipball/de55b131091dd0dad1c3b25f3633ae00e881e33c",
                "reference": "de55b131091dd0dad1c3b25f3633ae00e881e33c",
                "shasum": ""
            },
            "require": {
                "php": ">=5.3.9"
            },
            "require-dev": {
                "psr/log": "~1.0",
                "symfony/event-dispatcher": "~2.1",
                "symfony/phpunit-bridge": "~2.7",
                "symfony/process": "~2.1"
            },
            "suggest": {
                "psr/log": "For using the console logger",
                "symfony/event-dispatcher": "",
                "symfony/process": ""
            },
            "type": "library",
            "extra": {
                "branch-alias": {
                    "dev-master": "2.7-dev"
                }
            },
            "autoload": {
                "psr-4": {
                    "Symfony\\Component\\Console\\": ""
                }
            },
            "notification-url": "https://packagist.org/downloads/",
            "license": [
                "MIT"
            ],
            "authors": [
                {
                    "name": "Fabien Potencier",
                    "email": "fabien@symfony.com"
                },
                {
                    "name": "Symfony Community",
                    "homepage": "https://symfony.com/contributors"
                }
            ],
            "description": "Symfony Console Component",
            "homepage": "https://symfony.com",
            "time": "2015-06-25 12:52:11"
        },
        {
            "name": "symfony/finder",
            "version": "2.7.x-dev",
            "source": {
                "type": "git",
                "url": "https://github.com/symfony/Finder.git",
                "reference": "f71c7584e940ccdfb56af376b673dc7b4e0750f1"
            },
            "dist": {
                "type": "zip",
                "url": "https://api.github.com/repos/symfony/Finder/zipball/f71c7584e940ccdfb56af376b673dc7b4e0750f1",
                "reference": "f71c7584e940ccdfb56af376b673dc7b4e0750f1",
                "shasum": ""
            },
            "require": {
                "php": ">=5.3.9"
            },
            "require-dev": {
                "symfony/phpunit-bridge": "~2.7"
            },
            "type": "library",
            "extra": {
                "branch-alias": {
                    "dev-master": "2.7-dev"
                }
            },
            "autoload": {
                "psr-4": {
                    "Symfony\\Component\\Finder\\": ""
                }
            },
            "notification-url": "https://packagist.org/downloads/",
            "license": [
                "MIT"
            ],
            "authors": [
                {
                    "name": "Fabien Potencier",
                    "email": "fabien@symfony.com"
                },
                {
                    "name": "Symfony Community",
                    "homepage": "https://symfony.com/contributors"
                }
            ],
            "description": "Symfony Finder Component",
            "homepage": "https://symfony.com",
            "time": "2015-06-18 13:03:50"
        },
        {
            "name": "symfony/process",
            "version": "2.7.x-dev",
            "source": {
                "type": "git",
                "url": "https://github.com/symfony/Process.git",
                "reference": "5c7f4ad0d6b3c7f79ccbfefbe08ac0b36308c734"
            },
            "dist": {
                "type": "zip",
                "url": "https://api.github.com/repos/symfony/Process/zipball/5c7f4ad0d6b3c7f79ccbfefbe08ac0b36308c734",
                "reference": "5c7f4ad0d6b3c7f79ccbfefbe08ac0b36308c734",
                "shasum": ""
            },
            "require": {
                "php": ">=5.3.9"
            },
            "require-dev": {
                "symfony/phpunit-bridge": "~2.7"
            },
            "type": "library",
            "extra": {
                "branch-alias": {
                    "dev-master": "2.7-dev"
                }
            },
            "autoload": {
                "psr-4": {
                    "Symfony\\Component\\Process\\": ""
                }
            },
            "notification-url": "https://packagist.org/downloads/",
            "license": [
                "MIT"
            ],
            "authors": [
                {
                    "name": "Fabien Potencier",
                    "email": "fabien@symfony.com"
                },
                {
                    "name": "Symfony Community",
                    "homepage": "https://symfony.com/contributors"
                }
            ],
            "description": "Symfony Process Component",
            "homepage": "https://symfony.com",
            "time": "2015-06-18 19:21:56"
        }
    ],
    "packages-dev": null,
    "aliases": [],
    "minimum-stability": "dev",
    "stability-flags": {
        "melting/modx/installer": 20
    },
    "prefer-stable": false,
    "prefer-lowest": false,
    "platform": [],
    "platform-dev": []
}
